// !$*UTF8*$!
{
	archiveVersion = 1;
	classes = {
	};
	objectVersion = 56;
	objects = {

/* Begin PBXBuildFile section */
		2E35F1052BCBB63E0073DF2E /* Crypto.json in Resources */ = {isa = PBXBuildFile; fileRef = 2E35F1042BCBB63E0073DF2E /* Crypto.json */; };
		2E35F1072BCBBC0C0073DF2E /* CryptoViewModel.swift in Sources */ = {isa = PBXBuildFile; fileRef = 2E35F1062BCBBC0C0073DF2E /* CryptoViewModel.swift */; };
		2E4B3F2E2BCBB0BF00CA491A /* BitNestApp.swift in Sources */ = {isa = PBXBuildFile; fileRef = 2E4B3F2D2BCBB0BF00CA491A /* BitNestApp.swift */; };
		2E4B3F302BCBB0BF00CA491A /* ContentView.swift in Sources */ = {isa = PBXBuildFile; fileRef = 2E4B3F2F2BCBB0BF00CA491A /* ContentView.swift */; };
		2E4B3F322BCBB0C000CA491A /* Assets.xcassets in Resources */ = {isa = PBXBuildFile; fileRef = 2E4B3F312BCBB0C000CA491A /* Assets.xcassets */; };
		2E4B3F352BCBB0C000CA491A /* Preview Assets.xcassets in Resources */ = {isa = PBXBuildFile; fileRef = 2E4B3F342BCBB0C000CA491A /* Preview Assets.xcassets */; };
		2E4B3F3F2BCBB15B00CA491A /* CryptoModel.swift in Sources */ = {isa = PBXBuildFile; fileRef = 2E4B3F3E2BCBB15B00CA491A /* CryptoModel.swift */; };
		2E4B3F422BCBB1C300CA491A /* CryptoJSONDecoder.swift in Sources */ = {isa = PBXBuildFile; fileRef = 2E4B3F412BCBB1C300CA491A /* CryptoJSONDecoder.swift */; };
		2E4F64292BCE347A007F4DEC /* TransactionModel.swift in Sources */ = {isa = PBXBuildFile; fileRef = 2E4F64282BCE347A007F4DEC /* TransactionModel.swift */; };
		2E4F642B2BCE35A0007F4DEC /* TransactionViewModel.swift in Sources */ = {isa = PBXBuildFile; fileRef = 2E4F642A2BCE35A0007F4DEC /* TransactionViewModel.swift */; };
		2E4F642E2BCF891F007F4DEC /* CustomTabBar.swift in Sources */ = {isa = PBXBuildFile; fileRef = 2E4F642D2BCF891F007F4DEC /* CustomTabBar.swift */; };
		2E4F64302BCF8A64007F4DEC /* MainView.swift in Sources */ = {isa = PBXBuildFile; fileRef = 2E4F642F2BCF8A64007F4DEC /* MainView.swift */; };
		2E4F64322BD61B73007F4DEC /* FetchAPI.swift in Sources */ = {isa = PBXBuildFile; fileRef = 2E4F64312BD61B73007F4DEC /* FetchAPI.swift */; };
		2E4F64342BD61B91007F4DEC /* CryptoAPIModel.swift in Sources */ = {isa = PBXBuildFile; fileRef = 2E4F64332BD61B91007F4DEC /* CryptoAPIModel.swift */; };
		2E4F64382BD63FDB007F4DEC /* APIFetch.swift in Sources */ = {isa = PBXBuildFile; fileRef = 2E4F64372BD63FDB007F4DEC /* APIFetch.swift */; };
		2E4F643C2BD8E090007F4DEC /* CameraView.swift in Sources */ = {isa = PBXBuildFile; fileRef = 2E4F643B2BD8E090007F4DEC /* CameraView.swift */; };
/* End PBXBuildFile section */

/* Begin PBXFileReference section */
		2E35F1042BCBB63E0073DF2E /* Crypto.json */ = {isa = PBXFileReference; fileEncoding = 4; lastKnownFileType = text.json; path = Crypto.json; sourceTree = "<group>"; };
		2E35F1062BCBBC0C0073DF2E /* CryptoViewModel.swift */ = {isa = PBXFileReference; lastKnownFileType = sourcecode.swift; path = CryptoViewModel.swift; sourceTree = "<group>"; };
		2E4B3F2A2BCBB0BF00CA491A /* BitNest.app */ = {isa = PBXFileReference; explicitFileType = wrapper.application; includeInIndex = 0; path = BitNest.app; sourceTree = BUILT_PRODUCTS_DIR; };
		2E4B3F2D2BCBB0BF00CA491A /* BitNestApp.swift */ = {isa = PBXFileReference; lastKnownFileType = sourcecode.swift; path = BitNestApp.swift; sourceTree = "<group>"; };
		2E4B3F2F2BCBB0BF00CA491A /* ContentView.swift */ = {isa = PBXFileReference; lastKnownFileType = sourcecode.swift; path = ContentView.swift; sourceTree = "<group>"; };
		2E4B3F312BCBB0C000CA491A /* Assets.xcassets */ = {isa = PBXFileReference; lastKnownFileType = folder.assetcatalog; path = Assets.xcassets; sourceTree = "<group>"; };
		2E4B3F342BCBB0C000CA491A /* Preview Assets.xcassets */ = {isa = PBXFileReference; lastKnownFileType = folder.assetcatalog; path = "Preview Assets.xcassets"; sourceTree = "<group>"; };
		2E4B3F3E2BCBB15B00CA491A /* CryptoModel.swift */ = {isa = PBXFileReference; lastKnownFileType = sourcecode.swift; path = CryptoModel.swift; sourceTree = "<group>"; };
		2E4B3F412BCBB1C300CA491A /* CryptoJSONDecoder.swift */ = {isa = PBXFileReference; lastKnownFileType = sourcecode.swift; path = CryptoJSONDecoder.swift; sourceTree = "<group>"; };
		2E4F64282BCE347A007F4DEC /* TransactionModel.swift */ = {isa = PBXFileReference; lastKnownFileType = sourcecode.swift; path = TransactionModel.swift; sourceTree = "<group>"; };
		2E4F642A2BCE35A0007F4DEC /* TransactionViewModel.swift */ = {isa = PBXFileReference; lastKnownFileType = sourcecode.swift; path = TransactionViewModel.swift; sourceTree = "<group>"; };
		2E4F642D2BCF891F007F4DEC /* CustomTabBar.swift */ = {isa = PBXFileReference; lastKnownFileType = sourcecode.swift; path = CustomTabBar.swift; sourceTree = "<group>"; };
		2E4F642F2BCF8A64007F4DEC /* MainView.swift */ = {isa = PBXFileReference; lastKnownFileType = sourcecode.swift; path = MainView.swift; sourceTree = "<group>"; };
		2E4F64312BD61B73007F4DEC /* FetchAPI.swift */ = {isa = PBXFileReference; lastKnownFileType = sourcecode.swift; path = FetchAPI.swift; sourceTree = "<group>"; };
		2E4F64332BD61B91007F4DEC /* CryptoAPIModel.swift */ = {isa = PBXFileReference; lastKnownFileType = sourcecode.swift; path = CryptoAPIModel.swift; sourceTree = "<group>"; };
		2E4F64372BD63FDB007F4DEC /* APIFetch.swift */ = {isa = PBXFileReference; lastKnownFileType = sourcecode.swift; path = APIFetch.swift; sourceTree = "<group>"; };
		2E4F643B2BD8E090007F4DEC /* CameraView.swift */ = {isa = PBXFileReference; lastKnownFileType = sourcecode.swift; path = CameraView.swift; sourceTree = "<group>"; };
/* End PBXFileReference section */

/* Begin PBXFrameworksBuildPhase section */
		2E4B3F272BCBB0BF00CA491A /* Frameworks */ = {
			isa = PBXFrameworksBuildPhase;
			buildActionMask = 2147483647;
			files = (
			);
			runOnlyForDeploymentPostprocessing = 0;
		};
/* End PBXFrameworksBuildPhase section */

/* Begin PBXGroup section */
		2E4B3F212BCBB0BF00CA491A = {
			isa = PBXGroup;
			children = (
				2E4B3F2C2BCBB0BF00CA491A /* BitNest */,
				2E4B3F2B2BCBB0BF00CA491A /* Products */,
			);
			sourceTree = "<group>";
		};
		2E4B3F2B2BCBB0BF00CA491A /* Products */ = {
			isa = PBXGroup;
			children = (
				2E4B3F2A2BCBB0BF00CA491A /* BitNest.app */,
			);
			name = Products;
			sourceTree = "<group>";
		};
		2E4B3F2C2BCBB0BF00CA491A /* BitNest */ = {
			isa = PBXGroup;
			children = (
				2E4B3F2D2BCBB0BF00CA491A /* BitNestApp.swift */,
				2E4B3F402BCBB18100CA491A /* JsonDecoder */,
				2E4B3F3D2BCBB12200CA491A /* Models */,
				2E4B3F3C2BCBB11700CA491A /* ViewModels */,
				2E4B3F3B2BCBB0F900CA491A /* Views */,
				2E4B3F312BCBB0C000CA491A /* Assets.xcassets */,
				2E4B3F332BCBB0C000CA491A /* Preview Content */,
			);
			path = BitNest;
			sourceTree = "<group>";
		};
		2E4B3F332BCBB0C000CA491A /* Preview Content */ = {
			isa = PBXGroup;
			children = (
				2E4B3F342BCBB0C000CA491A /* Preview Assets.xcassets */,
			);
			path = "Preview Content";
			sourceTree = "<group>";
		};
		2E4B3F3B2BCBB0F900CA491A /* Views */ = {
			isa = PBXGroup;
			children = (
				2E4F642C2BCF88F4007F4DEC /* Components */,
				2E4B3F2F2BCBB0BF00CA491A /* ContentView.swift */,
				2E4F64312BD61B73007F4DEC /* FetchAPI.swift */,
				2E4F643B2BD8E090007F4DEC /* CameraView.swift */,
				2E4F64372BD63FDB007F4DEC /* APIFetch.swift */,
				2E4F642F2BCF8A64007F4DEC /* MainView.swift */,
			);
			path = Views;
			sourceTree = "<group>";
		};
		2E4B3F3C2BCBB11700CA491A /* ViewModels */ = {
			isa = PBXGroup;
			children = (
				2E35F1042BCBB63E0073DF2E /* Crypto.json */,
				2E35F1062BCBBC0C0073DF2E /* CryptoViewModel.swift */,
				2E4F642A2BCE35A0007F4DEC /* TransactionViewModel.swift */,
				2E4F64332BD61B91007F4DEC /* CryptoAPIModel.swift */,
			);
			path = ViewModels;
			sourceTree = "<group>";
		};
		2E4B3F3D2BCBB12200CA491A /* Models */ = {
			isa = PBXGroup;
			children = (
				2E4B3F3E2BCBB15B00CA491A /* CryptoModel.swift */,
				2E4F64282BCE347A007F4DEC /* TransactionModel.swift */,
			);
			path = Models;
			sourceTree = "<group>";
		};
		2E4B3F402BCBB18100CA491A /* JsonDecoder */ = {
			isa = PBXGroup;
			children = (
				2E4B3F412BCBB1C300CA491A /* CryptoJSONDecoder.swift */,
			);
			path = JsonDecoder;
			sourceTree = "<group>";
		};
		2E4F642C2BCF88F4007F4DEC /* Components */ = {
			isa = PBXGroup;
			children = (
				2E4F642D2BCF891F007F4DEC /* CustomTabBar.swift */,
			);
			path = Components;
			sourceTree = "<group>";
		};
/* End PBXGroup section */

/* Begin PBXNativeTarget section */
		2E4B3F292BCBB0BF00CA491A /* BitNest */ = {
			isa = PBXNativeTarget;
			buildConfigurationList = 2E4B3F382BCBB0C000CA491A /* Build configuration list for PBXNativeTarget "BitNest" */;
			buildPhases = (
				2E4B3F262BCBB0BF00CA491A /* Sources */,
				2E4B3F272BCBB0BF00CA491A /* Frameworks */,
				2E4B3F282BCBB0BF00CA491A /* Resources */,
			);
			buildRules = (
			);
			dependencies = (
			);
			name = BitNest;
			productName = BitNest;
			productReference = 2E4B3F2A2BCBB0BF00CA491A /* BitNest.app */;
			productType = "com.apple.product-type.application";
		};
/* End PBXNativeTarget section */

/* Begin PBXProject section */
		2E4B3F222BCBB0BF00CA491A /* Project object */ = {
			isa = PBXProject;
			attributes = {
				BuildIndependentTargetsInParallel = 1;
				LastSwiftUpdateCheck = 1520;
				LastUpgradeCheck = 1520;
				TargetAttributes = {
					2E4B3F292BCBB0BF00CA491A = {
						CreatedOnToolsVersion = 15.2;
					};
				};
			};
			buildConfigurationList = 2E4B3F252BCBB0BF00CA491A /* Build configuration list for PBXProject "BitNest" */;
			compatibilityVersion = "Xcode 14.0";
			developmentRegion = en;
			hasScannedForEncodings = 0;
			knownRegions = (
				en,
				Base,
			);
			mainGroup = 2E4B3F212BCBB0BF00CA491A;
			productRefGroup = 2E4B3F2B2BCBB0BF00CA491A /* Products */;
			projectDirPath = "";
			projectRoot = "";
			targets = (
				2E4B3F292BCBB0BF00CA491A /* BitNest */,
			);
		};
/* End PBXProject section */

/* Begin PBXResourcesBuildPhase section */
		2E4B3F282BCBB0BF00CA491A /* Resources */ = {
			isa = PBXResourcesBuildPhase;
			buildActionMask = 2147483647;
			files = (
				2E4B3F352BCBB0C000CA491A /* Preview Assets.xcassets in Resources */,
				2E4B3F322BCBB0C000CA491A /* Assets.xcassets in Resources */,
				2E35F1052BCBB63E0073DF2E /* Crypto.json in Resources */,
			);
			runOnlyForDeploymentPostprocessing = 0;
		};
/* End PBXResourcesBuildPhase section */

/* Begin PBXSourcesBuildPhase section */
		2E4B3F262BCBB0BF00CA491A /* Sources */ = {
			isa = PBXSourcesBuildPhase;
			buildActionMask = 2147483647;
			files = (
				2E4F64292BCE347A007F4DEC /* TransactionModel.swift in Sources */,
				2E4F64342BD61B91007F4DEC /* CryptoAPIModel.swift in Sources */,
				2E4F643C2BD8E090007F4DEC /* CameraView.swift in Sources */,
				2E4F64302BCF8A64007F4DEC /* MainView.swift in Sources */,
				2E4B3F3F2BCBB15B00CA491A /* CryptoModel.swift in Sources */,
				2E4B3F302BCBB0BF00CA491A /* ContentView.swift in Sources */,
				2E4F64382BD63FDB007F4DEC /* APIFetch.swift in Sources */,
				2E4B3F2E2BCBB0BF00CA491A /* BitNestApp.swift in Sources */,
				2E4F642E2BCF891F007F4DEC /* CustomTabBar.swift in Sources */,
				2E4B3F422BCBB1C300CA491A /* CryptoJSONDecoder.swift in Sources */,
				2E35F1072BCBBC0C0073DF2E /* CryptoViewModel.swift in Sources */,
				2E4F642B2BCE35A0007F4DEC /* TransactionViewModel.swift in Sources */,
				2E4F64322BD61B73007F4DEC /* FetchAPI.swift in Sources */,
			);
			runOnlyForDeploymentPostprocessing = 0;
		};
/* End PBXSourcesBuildPhase section */

/* Begin XCBuildConfiguration section */
		2E4B3F362BCBB0C000CA491A /* Debug */ = {
			isa = XCBuildConfiguration;
			buildSettings = {
				ALWAYS_SEARCH_USER_PATHS = NO;
				ASSETCATALOG_COMPILER_GENERATE_SWIFT_ASSET_SYMBOL_EXTENSIONS = YES;
				CLANG_ANALYZER_NONNULL = YES;
				CLANG_ANALYZER_NUMBER_OBJECT_CONVERSION = YES_AGGRESSIVE;
				CLANG_CXX_LANGUAGE_STANDARD = "gnu++20";
				CLANG_ENABLE_MODULES = YES;
				CLANG_ENABLE_OBJC_ARC = YES;
				CLANG_ENABLE_OBJC_WEAK = YES;
				CLANG_WARN_BLOCK_CAPTURE_AUTORELEASING = YES;
				CLANG_WARN_BOOL_CONVERSION = YES;
				CLANG_WARN_COMMA = YES;
				CLANG_WARN_CONSTANT_CONVERSION = YES;
				CLANG_WARN_DEPRECATED_OBJC_IMPLEMENTATIONS = YES;
				CLANG_WARN_DIRECT_OBJC_ISA_USAGE = YES_ERROR;
				CLANG_WARN_DOCUMENTATION_COMMENTS = YES;
				CLANG_WARN_EMPTY_BODY = YES;
				CLANG_WARN_ENUM_CONVERSION = YES;
				CLANG_WARN_INFINITE_RECURSION = YES;
				CLANG_WARN_INT_CONVERSION = YES;
				CLANG_WARN_NON_LITERAL_NULL_CONVERSION = YES;
				CLANG_WARN_OBJC_IMPLICIT_RETAIN_SELF = YES;
				CLANG_WARN_OBJC_LITERAL_CONVERSION = YES;
				CLANG_WARN_OBJC_ROOT_CLASS = YES_ERROR;
				CLANG_WARN_QUOTED_INCLUDE_IN_FRAMEWORK_HEADER = YES;
				CLANG_WARN_RANGE_LOOP_ANALYSIS = YES;
				CLANG_WARN_STRICT_PROTOTYPES = YES;
				CLANG_WARN_SUSPICIOUS_MOVE = YES;
				CLANG_WARN_UNGUARDED_AVAILABILITY = YES_AGGRESSIVE;
				CLANG_WARN_UNREACHABLE_CODE = YES;
				CLANG_WARN__DUPLICATE_METHOD_MATCH = YES;
				COPY_PHASE_STRIP = NO;
				DEBUG_INFORMATION_FORMAT = dwarf;
				ENABLE_STRICT_OBJC_MSGSEND = YES;
				ENABLE_TESTABILITY = YES;
				ENABLE_USER_SCRIPT_SANDBOXING = YES;
				GCC_C_LANGUAGE_STANDARD = gnu17;
				GCC_DYNAMIC_NO_PIC = NO;
				GCC_NO_COMMON_BLOCKS = YES;
				GCC_OPTIMIZATION_LEVEL = 0;
				GCC_PREPROCESSOR_DEFINITIONS = (
					"DEBUG=1",
					"$(inherited)",
				);
				GCC_WARN_64_TO_32_BIT_CONVERSION = YES;
				GCC_WARN_ABOUT_RETURN_TYPE = YES_ERROR;
				GCC_WARN_UNDECLARED_SELECTOR = YES;
				GCC_WARN_UNINITIALIZED_AUTOS = YES_AGGRESSIVE;
				GCC_WARN_UNUSED_FUNCTION = YES;
				GCC_WARN_UNUSED_VARIABLE = YES;
				IPHONEOS_DEPLOYMENT_TARGET = 17.2;
				LOCALIZATION_PREFERS_STRING_CATALOGS = YES;
				MTL_ENABLE_DEBUG_INFO = INCLUDE_SOURCE;
				MTL_FAST_MATH = YES;
				ONLY_ACTIVE_ARCH = YES;
				SDKROOT = iphoneos;
				SWIFT_ACTIVE_COMPILATION_CONDITIONS = "DEBUG $(inherited)";
				SWIFT_OPTIMIZATION_LEVEL = "-Onone";
			};
			name = Debug;
		};
		2E4B3F372BCBB0C000CA491A /* Release */ = {
			isa = XCBuildConfiguration;
			buildSettings = {
				ALWAYS_SEARCH_USER_PATHS = NO;
				ASSETCATALOG_COMPILER_GENERATE_SWIFT_ASSET_SYMBOL_EXTENSIONS = YES;
				CLANG_ANALYZER_NONNULL = YES;
				CLANG_ANALYZER_NUMBER_OBJECT_CONVERSION = YES_AGGRESSIVE;
				CLANG_CXX_LANGUAGE_STANDARD = "gnu++20";
				CLANG_ENABLE_MODULES = YES;
				CLANG_ENABLE_OBJC_ARC = YES;
				CLANG_ENABLE_OBJC_WEAK = YES;
				CLANG_WARN_BLOCK_CAPTURE_AUTORELEASING = YES;
				CLANG_WARN_BOOL_CONVERSION = YES;
				CLANG_WARN_COMMA = YES;
				CLANG_WARN_CONSTANT_CONVERSION = YES;
				CLANG_WARN_DEPRECATED_OBJC_IMPLEMENTATIONS = YES;
				CLANG_WARN_DIRECT_OBJC_ISA_USAGE = YES_ERROR;
				CLANG_WARN_DOCUMENTATION_COMMENTS = YES;
				CLANG_WARN_EMPTY_BODY = YES;
				CLANG_WARN_ENUM_CONVERSION = YES;
				CLANG_WARN_INFINITE_RECURSION = YES;
				CLANG_WARN_INT_CONVERSION = YES;
				CLANG_WARN_NON_LITERAL_NULL_CONVERSION = YES;
				CLANG_WARN_OBJC_IMPLICIT_RETAIN_SELF = YES;
				CLANG_WARN_OBJC_LITERAL_CONVERSION = YES;
				CLANG_WARN_OBJC_ROOT_CLASS = YES_ERROR;
				CLANG_WARN_QUOTED_INCLUDE_IN_FRAMEWORK_HEADER = YES;
				CLANG_WARN_RANGE_LOOP_ANALYSIS = YES;
				CLANG_WARN_STRICT_PROTOTYPES = YES;
				CLANG_WARN_SUSPICIOUS_MOVE = YES;
				CLANG_WARN_UNGUARDED_AVAILABILITY = YES_AGGRESSIVE;
				CLANG_WARN_UNREACHABLE_CODE = YES;
				CLANG_WARN__DUPLICATE_METHOD_MATCH = YES;
				COPY_PHASE_STRIP = NO;
				DEBUG_INFORMATION_FORMAT = "dwarf-with-dsym";
				ENABLE_NS_ASSERTIONS = NO;
				ENABLE_STRICT_OBJC_MSGSEND = YES;
				ENABLE_USER_SCRIPT_SANDBOXING = YES;
				GCC_C_LANGUAGE_STANDARD = gnu17;
				GCC_NO_COMMON_BLOCKS = YES;
				GCC_WARN_64_TO_32_BIT_CONVERSION = YES;
				GCC_WARN_ABOUT_RETURN_TYPE = YES_ERROR;
				GCC_WARN_UNDECLARED_SELECTOR = YES;
				GCC_WARN_UNINITIALIZED_AUTOS = YES_AGGRESSIVE;
				GCC_WARN_UNUSED_FUNCTION = YES;
				GCC_WARN_UNUSED_VARIABLE = YES;
				IPHONEOS_DEPLOYMENT_TARGET = 17.2;
				LOCALIZATION_PREFERS_STRING_CATALOGS = YES;
				MTL_ENABLE_DEBUG_INFO = NO;
				MTL_FAST_MATH = YES;
				SDKROOT = iphoneos;
				SWIFT_COMPILATION_MODE = wholemodule;
				VALIDATE_PRODUCT = YES;
			};
			name = Release;
		};
		2E4B3F392BCBB0C000CA491A /* Debug */ = {
			isa = XCBuildConfiguration;
			buildSettings = {
				ASSETCATALOG_COMPILER_APPICON_NAME = AppIcon;
				ASSETCATALOG_COMPILER_GLOBAL_ACCENT_COLOR_NAME = AccentColor;
				CODE_SIGN_STYLE = Automatic;
				CURRENT_PROJECT_VERSION = 1;
				DEVELOPMENT_ASSET_PATHS = "\"BitNest/Preview Content\"";
				DEVELOPMENT_TEAM = C59QF2W8P6;
				ENABLE_PREVIEWS = YES;
				GENERATE_INFOPLIST_FILE = YES;
				INFOPLIST_KEY_NSCameraUsageDescription = "";
				INFOPLIST_KEY_UIApplicationSceneManifest_Generation = YES;
				INFOPLIST_KEY_UIApplicationSupportsIndirectInputEvents = YES;
				INFOPLIST_KEY_UILaunchScreen_Generation = YES;
				INFOPLIST_KEY_UISupportedInterfaceOrientations_iPad = "UIInterfaceOrientationPortrait UIInterfaceOrientationPortraitUpsideDown UIInterfaceOrientationLandscapeLeft UIInterfaceOrientationLandscapeRight";
				INFOPLIST_KEY_UISupportedInterfaceOrientations_iPhone = "UIInterfaceOrientationPortrait UIInterfaceOrientationLandscapeLeft UIInterfaceOrientationLandscapeRight";
				LD_RUNPATH_SEARCH_PATHS = (
					"$(inherited)",
					"@executable_path/Frameworks",
				);
				MARKETING_VERSION = 1.0;
				PRODUCT_BUNDLE_IDENTIFIER = CalDev.BitNest;
				PRODUCT_NAME = "$(TARGET_NAME)";
				SWIFT_EMIT_LOC_STRINGS = YES;
				SWIFT_VERSION = 5.0;
				TARGETED_DEVICE_FAMILY = "1,2";
			};
			name = Debug;
		};
		2E4B3F3A2BCBB0C000CA491A /* Release */ = {
			isa = XCBuildConfiguration;
			buildSettings = {
				ASSETCATALOG_COMPILER_APPICON_NAME = AppIcon;
				ASSETCATALOG_COMPILER_GLOBAL_ACCENT_COLOR_NAME = AccentColor;
				CODE_SIGN_STYLE = Automatic;
				CURRENT_PROJECT_VERSION = 1;
				DEVELOPMENT_ASSET_PATHS = "\"BitNest/Preview Content\"";
				DEVELOPMENT_TEAM = C59QF2W8P6;
				ENABLE_PREVIEWS = YES;
				GENERATE_INFOPLIST_FILE = YES;
				INFOPLIST_KEY_NSCameraUsageDescription = "";
				INFOPLIST_KEY_UIApplicationSceneManifest_Generation = YES;
				INFOPLIST_KEY_UIApplicationSupportsIndirectInputEvents = YES;
				INFOPLIST_KEY_UILaunchScreen_Generation = YES;
				INFOPLIST_KEY_UISupportedInterfaceOrientations_iPad = "UIInterfaceOrientationPortrait UIInterfaceOrientationPortraitUpsideDown UIInterfaceOrientationLandscapeLeft UIInterfaceOrientationLandscapeRight";
				INFOPLIST_KEY_UISupportedInterfaceOrientations_iPhone = "UIInterfaceOrientationPortrait UIInterfaceOrientationLandscapeLeft UIInterfaceOrientationLandscapeRight";
				LD_RUNPATH_SEARCH_PATHS = (
					"$(inherited)",
					"@executable_path/Frameworks",
				);
				MARKETING_VERSION = 1.0;
				PRODUCT_BUNDLE_IDENTIFIER = CalDev.BitNest;
				PRODUCT_NAME = "$(TARGET_NAME)";
				SWIFT_EMIT_LOC_STRINGS = YES;
				SWIFT_VERSION = 5.0;
				TARGETED_DEVICE_FAMILY = "1,2";
			};
			name = Release;
		};
/* End XCBuildConfiguration section */

/* Begin XCConfigurationList section */
		2E4B3F252BCBB0BF00CA491A /* Build configuration list for PBXProject "BitNest" */ = {
			isa = XCConfigurationList;
			buildConfigurations = (
				2E4B3F362BCBB0C000CA491A /* Debug */,
				2E4B3F372BCBB0C000CA491A /* Release */,
			);
			defaultConfigurationIsVisible = 0;
			defaultConfigurationName = Release;
		};
		2E4B3F382BCBB0C000CA491A /* Build configuration list for PBXNativeTarget "BitNest" */ = {
			isa = XCConfigurationList;
			buildConfigurations = (
				2E4B3F392BCBB0C000CA491A /* Debug */,
				2E4B3F3A2BCBB0C000CA491A /* Release */,
			);
			defaultConfigurationIsVisible = 0;
			defaultConfigurationName = Release;
		};
/* End XCConfigurationList section */
	};
	rootObject = 2E4B3F222BCBB0BF00CA491A /* Project object */;
}
